{
    "_readme": [
        "This file locks the dependencies of your project to a known state",
        "Read more about it at https://getcomposer.org/doc/01-basic-usage.md#installing-dependencies",
        "This file is @generated automatically"
    ],
    "content-hash": "63d79a432a8100ce2c4dd73eb85468b0",
    "packages": [
        {
            "name": "imagine/imagine",
            "version": "1.2.1",
            "source": {
                "type": "git",
                "url": "https://github.com/avalanche123/Imagine.git",
                "reference": "69ce33008b73a64f5ea25449d1b69146437144fd"
            },
            "dist": {
                "type": "zip",
                "url": "https://api.github.com/repos/avalanche123/Imagine/zipball/69ce33008b73a64f5ea25449d1b69146437144fd",
                "reference": "69ce33008b73a64f5ea25449d1b69146437144fd",
                "shasum": ""
            },
            "require": {
                "php": ">=5.3.2"
            },
            "require-dev": {
                "friendsofphp/php-cs-fixer": "2.2.*",
                "phpunit/phpunit": "^4.8 || ^5.7 || ^6.5 || ^7.4"
            },
            "suggest": {
                "ext-gd": "to use the GD implementation",
                "ext-gmagick": "to use the Gmagick implementation",
                "ext-imagick": "to use the Imagick implementation"
            },
            "type": "library",
            "extra": {
                "branch-alias": {
                    "dev-develop": "0.7-dev"
                }
            },
            "autoload": {
                "psr-4": {
                    "Imagine\\": "src/"
                }
            },
            "notification-url": "https://packagist.org/downloads/",
            "license": [
                "MIT"
            ],
            "authors": [
                {
                    "name": "Bulat Shakirzyanov",
                    "email": "mallluhuct@gmail.com",
                    "homepage": "http://avalanche123.com"
                }
            ],
            "description": "Image processing for PHP 5.3",
            "homepage": "http://imagine.readthedocs.org/",
            "keywords": [
                "drawing",
                "graphics",
                "image manipulation",
                "image processing"
            ],
            "time": "2019-06-03T15:06:06+00:00"
        },
        {
            "name": "kryus/binary",
            "version": "v0.2",
            "source": {
                "type": "git",
                "url": "https://github.com/olafkry208/Binary.git",
                "reference": "35fc499ca3ecfaca7ddc9b085e2a1c03c9c430cb"
            },
            "dist": {
                "type": "zip",
                "url": "https://api.github.com/repos/olafkry208/Binary/zipball/35fc499ca3ecfaca7ddc9b085e2a1c03c9c430cb",
                "reference": "35fc499ca3ecfaca7ddc9b085e2a1c03c9c430cb",
                "shasum": ""
            },
            "require": {
                "php": "^7.1"
            },
            "type": "library",
            "autoload": {
                "psr-4": {
                    "Kryus\\Binary\\": "src/"
                }
            },
            "license": [
                "MIT"
            ],
            "authors": [
                {
                    "name": "Olaf Kryus"
                }
            ],
            "description": "Binary file manipulation library.",
            "support": {
                "source": "https://github.com/olafkry208/Binary/tree/master",
                "issues": "https://github.com/olafkry208/Binary/issues"
            },
            "time": "2019-06-20T14:08:19+00:00"
        }
    ],
    "packages-dev": [],
    "aliases": [],
    "minimum-stability": "stable",
    "stability-flags": [],
    "prefer-stable": false,
    "prefer-lowest": false,
    "platform": {
        "php": "^7.1",
        "ext-gd": "*"
    },
    "platform-dev": []
}
